// !$*UTF8*$!
{
	archiveVersion = 1;
	classes = {
	};
	objectVersion = 50;
	objects = {

/* Begin PBXBuildFile section */
		1F10C443224F7D36001E5B74 /* AppDetailController.swift in Sources */ = {isa = PBXBuildFile; fileRef = 1F10C442224F7D36001E5B74 /* AppDetailController.swift */; };
		1F10C446224F8799001E5B74 /* AppDetailCell.swift in Sources */ = {isa = PBXBuildFile; fileRef = 1F10C445224F8799001E5B74 /* AppDetailCell.swift */; };
		1F10C4482254D961001E5B74 /* PreviewCell.swift in Sources */ = {isa = PBXBuildFile; fileRef = 1F10C4472254D961001E5B74 /* PreviewCell.swift */; };
		1F10C44B2254E819001E5B74 /* PreviewScreenshotsController.swift in Sources */ = {isa = PBXBuildFile; fileRef = 1F10C44A2254E819001E5B74 /* PreviewScreenshotsController.swift */; };
		1F10C44D2254E885001E5B74 /* ScreenshotCell.swift in Sources */ = {isa = PBXBuildFile; fileRef = 1F10C44C2254E885001E5B74 /* ScreenshotCell.swift */; };
		1F10C451225500A8001E5B74 /* ReviewsController.swift in Sources */ = {isa = PBXBuildFile; fileRef = 1F10C450225500A8001E5B74 /* ReviewsController.swift */; };
		1F10C4532255016E001E5B74 /* ReviewRowCell.swift in Sources */ = {isa = PBXBuildFile; fileRef = 1F10C4522255016E001E5B74 /* ReviewRowCell.swift */; };
		1F10C45522550188001E5B74 /* ReviewCell.swift in Sources */ = {isa = PBXBuildFile; fileRef = 1F10C45422550188001E5B74 /* ReviewCell.swift */; };
		1F10C45722553DCA001E5B74 /* Review.swift in Sources */ = {isa = PBXBuildFile; fileRef = 1F10C45622553DCA001E5B74 /* Review.swift */; };
		1F10C45A22560DD6001E5B74 /* TodayController.swift in Sources */ = {isa = PBXBuildFile; fileRef = 1F10C45922560DD6001E5B74 /* TodayController.swift */; };
		1F10C45D22560F13001E5B74 /* TodayCell.swift in Sources */ = {isa = PBXBuildFile; fileRef = 1F10C45C22560F13001E5B74 /* TodayCell.swift */; };
		1F10C45F22561839001E5B74 /* AppFullScreenController.swift in Sources */ = {isa = PBXBuildFile; fileRef = 1F10C45E22561839001E5B74 /* AppFullScreenController.swift */; };
		1F10C461225621E1001E5B74 /* AppFullscreenDescriptionCell.swift in Sources */ = {isa = PBXBuildFile; fileRef = 1F10C460225621E1001E5B74 /* AppFullscreenDescriptionCell.swift */; };
		1F10C463225650FD001E5B74 /* AppFullScreenHeaderCell.swift in Sources */ = {isa = PBXBuildFile; fileRef = 1F10C462225650FD001E5B74 /* AppFullScreenHeaderCell.swift */; };
		1F10C4652256D3E3001E5B74 /* TodayMultipleAppsCell.swift in Sources */ = {isa = PBXBuildFile; fileRef = 1F10C4642256D3E3001E5B74 /* TodayMultipleAppsCell.swift */; };
		1F10C46722575797001E5B74 /* TodayItem.swift in Sources */ = {isa = PBXBuildFile; fileRef = 1F10C46622575797001E5B74 /* TodayItem.swift */; };
		1F10C469225757AC001E5B74 /* TodayBaseCell.swift in Sources */ = {isa = PBXBuildFile; fileRef = 1F10C468225757AC001E5B74 /* TodayBaseCell.swift */; };
		1F10C46B225758BB001E5B74 /* TodayMultipleAppsController.swift in Sources */ = {isa = PBXBuildFile; fileRef = 1F10C46A225758BB001E5B74 /* TodayMultipleAppsController.swift */; };
		1F10C46D225759A4001E5B74 /* MultipleAppCell.swift in Sources */ = {isa = PBXBuildFile; fileRef = 1F10C46C225759A4001E5B74 /* MultipleAppCell.swift */; };
		1F10C46F2257B162001E5B74 /* BackEnabledNavigationController.swift in Sources */ = {isa = PBXBuildFile; fileRef = 1F10C46E2257B162001E5B74 /* BackEnabledNavigationController.swift */; };
		1F6D1EF92246D61800C7C508 /* CollectionSpinningLayout.swift in Sources */ = {isa = PBXBuildFile; fileRef = 1F6D1EF82246D61800C7C508 /* CollectionSpinningLayout.swift */; };
		1FA51C35223EA16400321FD2 /* AppDelegate.swift in Sources */ = {isa = PBXBuildFile; fileRef = 1FA51C34223EA16400321FD2 /* AppDelegate.swift */; };
		1FA51C37223EA16400321FD2 /* ViewController.swift in Sources */ = {isa = PBXBuildFile; fileRef = 1FA51C36223EA16400321FD2 /* ViewController.swift */; };
		1FA51C3A223EA16400321FD2 /* Main.storyboard in Resources */ = {isa = PBXBuildFile; fileRef = 1FA51C38223EA16400321FD2 /* Main.storyboard */; };
		1FA51C3C223EA16700321FD2 /* Assets.xcassets in Resources */ = {isa = PBXBuildFile; fileRef = 1FA51C3B223EA16700321FD2 /* Assets.xcassets */; };
		1FA51C3F223EA16700321FD2 /* LaunchScreen.storyboard in Resources */ = {isa = PBXBuildFile; fileRef = 1FA51C3D223EA16700321FD2 /* LaunchScreen.storyboard */; };
		1FA51C48223EA18E00321FD2 /* MainTabBarController.swift in Sources */ = {isa = PBXBuildFile; fileRef = 1FA51C47223EA18E00321FD2 /* MainTabBarController.swift */; };
		1FA51C4A223EA32E00321FD2 /* AppsSearchController.swift in Sources */ = {isa = PBXBuildFile; fileRef = 1FA51C49223EA32E00321FD2 /* AppsSearchController.swift */; };
		1FA51C4D223EA87B00321FD2 /* SearchResultCell.swift in Sources */ = {isa = PBXBuildFile; fileRef = 1FA51C4C223EA87B00321FD2 /* SearchResultCell.swift */; };
		1FA51C50223EAC6400321FD2 /* Extensions+UIView.swift in Sources */ = {isa = PBXBuildFile; fileRef = 1FA51C4F223EAC6400321FD2 /* Extensions+UIView.swift */; };
		1FA51C53223EC0C100321FD2 /* SearchResult.swift in Sources */ = {isa = PBXBuildFile; fileRef = 1FA51C52223EC0C100321FD2 /* SearchResult.swift */; };
		1FA51C57223EC69300321FD2 /* APIService.swift in Sources */ = {isa = PBXBuildFile; fileRef = 1FA51C56223EC69300321FD2 /* APIService.swift */; };
		1FA51C5B223FAFF700321FD2 /* AppsRouter.swift in Sources */ = {isa = PBXBuildFile; fileRef = 1FA51C5A223FAFF700321FD2 /* AppsRouter.swift */; };
		1FA51C5D223FB61600321FD2 /* AppsService.swift in Sources */ = {isa = PBXBuildFile; fileRef = 1FA51C5C223FB61600321FD2 /* AppsService.swift */; };
		1FA51C60223FCF2400321FD2 /* AppsPageController.swift in Sources */ = {isa = PBXBuildFile; fileRef = 1FA51C5F223FCF2400321FD2 /* AppsPageController.swift */; };
		1FA51C62223FD05600321FD2 /* AppsGroupCell.swift in Sources */ = {isa = PBXBuildFile; fileRef = 1FA51C61223FD05600321FD2 /* AppsGroupCell.swift */; };
		1FA51C64223FD24300321FD2 /* AppsHorizontalController.swift in Sources */ = {isa = PBXBuildFile; fileRef = 1FA51C63223FD24300321FD2 /* AppsHorizontalController.swift */; };
		1FA51C66224067AF00321FD2 /* AppRowCell.swift in Sources */ = {isa = PBXBuildFile; fileRef = 1FA51C65224067AF00321FD2 /* AppRowCell.swift */; };
		1FA51C6822406E7C00321FD2 /* AppsPageHeader.swift in Sources */ = {isa = PBXBuildFile; fileRef = 1FA51C6722406E7C00321FD2 /* AppsPageHeader.swift */; };
		1FA51C6A22406F6E00321FD2 /* AppsHeaderHorizontalController.swift in Sources */ = {isa = PBXBuildFile; fileRef = 1FA51C6922406F6E00321FD2 /* AppsHeaderHorizontalController.swift */; };
		1FA51C6C2240711A00321FD2 /* AppsHeaderCell.swift in Sources */ = {isa = PBXBuildFile; fileRef = 1FA51C6B2240711A00321FD2 /* AppsHeaderCell.swift */; };
		1FA51C6E2240762D00321FD2 /* AppGroup.swift in Sources */ = {isa = PBXBuildFile; fileRef = 1FA51C6D2240762D00321FD2 /* AppGroup.swift */; };
		1FA51C70224076D200321FD2 /* AppsGroupRouter.swift in Sources */ = {isa = PBXBuildFile; fileRef = 1FA51C6F224076D200321FD2 /* AppsGroupRouter.swift */; };
		1FA51C722240883300321FD2 /* SocialApp.swift in Sources */ = {isa = PBXBuildFile; fileRef = 1FA51C712240883300321FD2 /* SocialApp.swift */; };
		1FA51C742240886700321FD2 /* SocialRouter.swift in Sources */ = {isa = PBXBuildFile; fileRef = 1FA51C732240886700321FD2 /* SocialRouter.swift */; };
		823DDCA55C04781AE1CD5C6D /* Pods_AppStoreNew.framework in Frameworks */ = {isa = PBXBuildFile; fileRef = A3950E83AD1A80E5F7552BFD /* Pods_AppStoreNew.framework */; };
/* End PBXBuildFile section */

/* Begin PBXFileReference section */
		1606837CEB29BAB953EA7954 /* Pods-AppStoreNew.release.xcconfig */ = {isa = PBXFileReference; includeInIndex = 1; lastKnownFileType = text.xcconfig; name = "Pods-AppStoreNew.release.xcconfig"; path = "Target Support Files/Pods-AppStoreNew/Pods-AppStoreNew.release.xcconfig"; sourceTree = "<group>"; };
		1F10C442224F7D36001E5B74 /* AppDetailController.swift */ = {isa = PBXFileReference; lastKnownFileType = sourcecode.swift; path = AppDetailController.swift; sourceTree = "<group>"; };
		1F10C445224F8799001E5B74 /* AppDetailCell.swift */ = {isa = PBXFileReference; lastKnownFileType = sourcecode.swift; path = AppDetailCell.swift; sourceTree = "<group>"; };
		1F10C4472254D961001E5B74 /* PreviewCell.swift */ = {isa = PBXFileReference; lastKnownFileType = sourcecode.swift; path = PreviewCell.swift; sourceTree = "<group>"; };
		1F10C44A2254E819001E5B74 /* PreviewScreenshotsController.swift */ = {isa = PBXFileReference; lastKnownFileType = sourcecode.swift; path = PreviewScreenshotsController.swift; sourceTree = "<group>"; };
		1F10C44C2254E885001E5B74 /* ScreenshotCell.swift */ = {isa = PBXFileReference; lastKnownFileType = sourcecode.swift; path = ScreenshotCell.swift; sourceTree = "<group>"; };
		1F10C450225500A8001E5B74 /* ReviewsController.swift */ = {isa = PBXFileReference; lastKnownFileType = sourcecode.swift; path = ReviewsController.swift; sourceTree = "<group>"; };
		1F10C4522255016E001E5B74 /* ReviewRowCell.swift */ = {isa = PBXFileReference; fileEncoding = 4; lastKnownFileType = sourcecode.swift; path = ReviewRowCell.swift; sourceTree = "<group>"; };
		1F10C45422550188001E5B74 /* ReviewCell.swift */ = {isa = PBXFileReference; lastKnownFileType = sourcecode.swift; path = ReviewCell.swift; sourceTree = "<group>"; };
		1F10C45622553DCA001E5B74 /* Review.swift */ = {isa = PBXFileReference; lastKnownFileType = sourcecode.swift; path = Review.swift; sourceTree = "<group>"; };
		1F10C45922560DD6001E5B74 /* TodayController.swift */ = {isa = PBXFileReference; lastKnownFileType = sourcecode.swift; path = TodayController.swift; sourceTree = "<group>"; };
		1F10C45C22560F13001E5B74 /* TodayCell.swift */ = {isa = PBXFileReference; lastKnownFileType = sourcecode.swift; path = TodayCell.swift; sourceTree = "<group>"; };
		1F10C45E22561839001E5B74 /* AppFullScreenController.swift */ = {isa = PBXFileReference; lastKnownFileType = sourcecode.swift; path = AppFullScreenController.swift; sourceTree = "<group>"; };
		1F10C460225621E1001E5B74 /* AppFullscreenDescriptionCell.swift */ = {isa = PBXFileReference; lastKnownFileType = sourcecode.swift; path = AppFullscreenDescriptionCell.swift; sourceTree = "<group>"; };
		1F10C462225650FD001E5B74 /* AppFullScreenHeaderCell.swift */ = {isa = PBXFileReference; lastKnownFileType = sourcecode.swift; path = AppFullScreenHeaderCell.swift; sourceTree = "<group>"; };
		1F10C4642256D3E3001E5B74 /* TodayMultipleAppsCell.swift */ = {isa = PBXFileReference; lastKnownFileType = sourcecode.swift; path = TodayMultipleAppsCell.swift; sourceTree = "<group>"; };
		1F10C46622575797001E5B74 /* TodayItem.swift */ = {isa = PBXFileReference; lastKnownFileType = sourcecode.swift; path = TodayItem.swift; sourceTree = "<group>"; };
		1F10C468225757AC001E5B74 /* TodayBaseCell.swift */ = {isa = PBXFileReference; lastKnownFileType = sourcecode.swift; path = TodayBaseCell.swift; sourceTree = "<group>"; };
		1F10C46A225758BB001E5B74 /* TodayMultipleAppsController.swift */ = {isa = PBXFileReference; lastKnownFileType = sourcecode.swift; path = TodayMultipleAppsController.swift; sourceTree = "<group>"; };
		1F10C46C225759A4001E5B74 /* MultipleAppCell.swift */ = {isa = PBXFileReference; lastKnownFileType = sourcecode.swift; path = MultipleAppCell.swift; sourceTree = "<group>"; };
		1F10C46E2257B162001E5B74 /* BackEnabledNavigationController.swift */ = {isa = PBXFileReference; lastKnownFileType = sourcecode.swift; path = BackEnabledNavigationController.swift; sourceTree = "<group>"; };
		1F6D1EF82246D61800C7C508 /* CollectionSpinningLayout.swift */ = {isa = PBXFileReference; lastKnownFileType = sourcecode.swift; path = CollectionSpinningLayout.swift; sourceTree = "<group>"; };
		1FA51C31223EA16400321FD2 /* AppStoreNew.app */ = {isa = PBXFileReference; explicitFileType = wrapper.application; includeInIndex = 0; path = AppStoreNew.app; sourceTree = BUILT_PRODUCTS_DIR; };
		1FA51C34223EA16400321FD2 /* AppDelegate.swift */ = {isa = PBXFileReference; lastKnownFileType = sourcecode.swift; path = AppDelegate.swift; sourceTree = "<group>"; };
		1FA51C36223EA16400321FD2 /* ViewController.swift */ = {isa = PBXFileReference; lastKnownFileType = sourcecode.swift; path = ViewController.swift; sourceTree = "<group>"; };
		1FA51C39223EA16400321FD2 /* Base */ = {isa = PBXFileReference; lastKnownFileType = file.storyboard; name = Base; path = Base.lproj/Main.storyboard; sourceTree = "<group>"; };
		1FA51C3B223EA16700321FD2 /* Assets.xcassets */ = {isa = PBXFileReference; lastKnownFileType = folder.assetcatalog; path = Assets.xcassets; sourceTree = "<group>"; };
		1FA51C3E223EA16700321FD2 /* Base */ = {isa = PBXFileReference; lastKnownFileType = file.storyboard; name = Base; path = Base.lproj/LaunchScreen.storyboard; sourceTree = "<group>"; };
		1FA51C40223EA16700321FD2 /* Info.plist */ = {isa = PBXFileReference; lastKnownFileType = text.plist.xml; path = Info.plist; sourceTree = "<group>"; };
		1FA51C47223EA18E00321FD2 /* MainTabBarController.swift */ = {isa = PBXFileReference; lastKnownFileType = sourcecode.swift; path = MainTabBarController.swift; sourceTree = "<group>"; };
		1FA51C49223EA32E00321FD2 /* AppsSearchController.swift */ = {isa = PBXFileReference; lastKnownFileType = sourcecode.swift; path = AppsSearchController.swift; sourceTree = "<group>"; };
		1FA51C4C223EA87B00321FD2 /* SearchResultCell.swift */ = {isa = PBXFileReference; lastKnownFileType = sourcecode.swift; path = SearchResultCell.swift; sourceTree = "<group>"; };
		1FA51C4F223EAC6400321FD2 /* Extensions+UIView.swift */ = {isa = PBXFileReference; fileEncoding = 4; lastKnownFileType = sourcecode.swift; path = "Extensions+UIView.swift"; sourceTree = "<group>"; };
		1FA51C52223EC0C100321FD2 /* SearchResult.swift */ = {isa = PBXFileReference; lastKnownFileType = sourcecode.swift; path = SearchResult.swift; sourceTree = "<group>"; };
		1FA51C56223EC69300321FD2 /* APIService.swift */ = {isa = PBXFileReference; lastKnownFileType = sourcecode.swift; path = APIService.swift; sourceTree = "<group>"; };
		1FA51C5A223FAFF700321FD2 /* AppsRouter.swift */ = {isa = PBXFileReference; lastKnownFileType = sourcecode.swift; path = AppsRouter.swift; sourceTree = "<group>"; };
		1FA51C5C223FB61600321FD2 /* AppsService.swift */ = {isa = PBXFileReference; lastKnownFileType = sourcecode.swift; path = AppsService.swift; sourceTree = "<group>"; };
		1FA51C5F223FCF2400321FD2 /* AppsPageController.swift */ = {isa = PBXFileReference; lastKnownFileType = sourcecode.swift; path = AppsPageController.swift; sourceTree = "<group>"; };
		1FA51C61223FD05600321FD2 /* AppsGroupCell.swift */ = {isa = PBXFileReference; lastKnownFileType = sourcecode.swift; path = AppsGroupCell.swift; sourceTree = "<group>"; };
		1FA51C63223FD24300321FD2 /* AppsHorizontalController.swift */ = {isa = PBXFileReference; lastKnownFileType = sourcecode.swift; path = AppsHorizontalController.swift; sourceTree = "<group>"; };
		1FA51C65224067AF00321FD2 /* AppRowCell.swift */ = {isa = PBXFileReference; lastKnownFileType = sourcecode.swift; path = AppRowCell.swift; sourceTree = "<group>"; };
		1FA51C6722406E7C00321FD2 /* AppsPageHeader.swift */ = {isa = PBXFileReference; lastKnownFileType = sourcecode.swift; path = AppsPageHeader.swift; sourceTree = "<group>"; };
		1FA51C6922406F6E00321FD2 /* AppsHeaderHorizontalController.swift */ = {isa = PBXFileReference; lastKnownFileType = sourcecode.swift; path = AppsHeaderHorizontalController.swift; sourceTree = "<group>"; };
		1FA51C6B2240711A00321FD2 /* AppsHeaderCell.swift */ = {isa = PBXFileReference; lastKnownFileType = sourcecode.swift; path = AppsHeaderCell.swift; sourceTree = "<group>"; };
		1FA51C6D2240762D00321FD2 /* AppGroup.swift */ = {isa = PBXFileReference; lastKnownFileType = sourcecode.swift; path = AppGroup.swift; sourceTree = "<group>"; };
		1FA51C6F224076D200321FD2 /* AppsGroupRouter.swift */ = {isa = PBXFileReference; lastKnownFileType = sourcecode.swift; path = AppsGroupRouter.swift; sourceTree = "<group>"; };
		1FA51C712240883300321FD2 /* SocialApp.swift */ = {isa = PBXFileReference; lastKnownFileType = sourcecode.swift; path = SocialApp.swift; sourceTree = "<group>"; };
		1FA51C732240886700321FD2 /* SocialRouter.swift */ = {isa = PBXFileReference; lastKnownFileType = sourcecode.swift; path = SocialRouter.swift; sourceTree = "<group>"; };
		4A3D04EDBA5B4AF2676D6C0E /* Pods-AppStoreNew.debug.xcconfig */ = {isa = PBXFileReference; includeInIndex = 1; lastKnownFileType = text.xcconfig; name = "Pods-AppStoreNew.debug.xcconfig"; path = "Target Support Files/Pods-AppStoreNew/Pods-AppStoreNew.debug.xcconfig"; sourceTree = "<group>"; };
		A3950E83AD1A80E5F7552BFD /* Pods_AppStoreNew.framework */ = {isa = PBXFileReference; explicitFileType = wrapper.framework; includeInIndex = 0; path = Pods_AppStoreNew.framework; sourceTree = BUILT_PRODUCTS_DIR; };
/* End PBXFileReference section */

/* Begin PBXFrameworksBuildPhase section */
		1FA51C2E223EA16400321FD2 /* Frameworks */ = {
			isa = PBXFrameworksBuildPhase;
			buildActionMask = 2147483647;
			files = (
				823DDCA55C04781AE1CD5C6D /* Pods_AppStoreNew.framework in Frameworks */,
			);
			runOnlyForDeploymentPostprocessing = 0;
		};
/* End PBXFrameworksBuildPhase section */

/* Begin PBXGroup section */
		1F10C444224F878D001E5B74 /* Details */ = {
			isa = PBXGroup;
			children = (
				1F10C4522255016E001E5B74 /* ReviewRowCell.swift */,
				1F10C445224F8799001E5B74 /* AppDetailCell.swift */,
				1F10C4472254D961001E5B74 /* PreviewCell.swift */,
				1F10C44C2254E885001E5B74 /* ScreenshotCell.swift */,
				1F10C45422550188001E5B74 /* ReviewCell.swift */,
			);
			path = Details;
			sourceTree = "<group>";
		};
		1F10C4492254E7F7001E5B74 /* Details */ = {
			isa = PBXGroup;
			children = (
				1F10C442224F7D36001E5B74 /* AppDetailController.swift */,
				1F10C44A2254E819001E5B74 /* PreviewScreenshotsController.swift */,
				1F10C450225500A8001E5B74 /* ReviewsController.swift */,
			);
			path = Details;
			sourceTree = "<group>";
		};
		1F10C45822560DBD001E5B74 /* Today */ = {
			isa = PBXGroup;
			children = (
				1F10C45E22561839001E5B74 /* AppFullScreenController.swift */,
				1F10C45922560DD6001E5B74 /* TodayController.swift */,
				1F10C46A225758BB001E5B74 /* TodayMultipleAppsController.swift */,
			);
			path = Today;
			sourceTree = "<group>";
		};
		1F10C45B22560F09001E5B74 /* Today */ = {
			isa = PBXGroup;
			children = (
				1F10C45C22560F13001E5B74 /* TodayCell.swift */,
				1F10C460225621E1001E5B74 /* AppFullscreenDescriptionCell.swift */,
				1F10C462225650FD001E5B74 /* AppFullScreenHeaderCell.swift */,
				1F10C4642256D3E3001E5B74 /* TodayMultipleAppsCell.swift */,
				1F10C468225757AC001E5B74 /* TodayBaseCell.swift */,
				1F10C46C225759A4001E5B74 /* MultipleAppCell.swift */,
			);
			path = Today;
			sourceTree = "<group>";
		};
		1FA51C28223EA16400321FD2 = {
			isa = PBXGroup;
			children = (
				1FA51C33223EA16400321FD2 /* AppStoreNew */,
				1FA51C32223EA16400321FD2 /* Products */,
				5E4AD5BC2E7EB9463D964203 /* Pods */,
				E3AFDEA914458FB148DE0BEC /* Frameworks */,
			);
			sourceTree = "<group>";
		};
		1FA51C32223EA16400321FD2 /* Products */ = {
			isa = PBXGroup;
			children = (
				1FA51C31223EA16400321FD2 /* AppStoreNew.app */,
			);
			name = Products;
			sourceTree = "<group>";
		};
		1FA51C33223EA16400321FD2 /* AppStoreNew */ = {
			isa = PBXGroup;
			children = (
				1FA51C55223EC67200321FD2 /* Network */,
				1FA51C51223EC0AC00321FD2 /* Model */,
				1FA51C4E223EAC2900321FD2 /* Extensions */,
				1FA51C4B223EA86800321FD2 /* Views */,
				1FA51C46223EA17600321FD2 /* Controllers */,
				1FA51C34223EA16400321FD2 /* AppDelegate.swift */,
				1FA51C36223EA16400321FD2 /* ViewController.swift */,
				1FA51C38223EA16400321FD2 /* Main.storyboard */,
				1FA51C3B223EA16700321FD2 /* Assets.xcassets */,
				1FA51C3D223EA16700321FD2 /* LaunchScreen.storyboard */,
				1FA51C40223EA16700321FD2 /* Info.plist */,
			);
			path = AppStoreNew;
			sourceTree = "<group>";
		};
		1FA51C46223EA17600321FD2 /* Controllers */ = {
			isa = PBXGroup;
			children = (
				1F10C45822560DBD001E5B74 /* Today */,
				1FA51C5E223FCF0E00321FD2 /* Apps */,
				1FA51C47223EA18E00321FD2 /* MainTabBarController.swift */,
				1FA51C49223EA32E00321FD2 /* AppsSearchController.swift */,
				1F10C46E2257B162001E5B74 /* BackEnabledNavigationController.swift */,
			);
			path = Controllers;
			sourceTree = "<group>";
		};
		1FA51C4B223EA86800321FD2 /* Views */ = {
			isa = PBXGroup;
			children = (
				1F10C45B22560F09001E5B74 /* Today */,
				1F10C444224F878D001E5B74 /* Details */,
				1FA51C4C223EA87B00321FD2 /* SearchResultCell.swift */,
				1FA51C61223FD05600321FD2 /* AppsGroupCell.swift */,
				1FA51C65224067AF00321FD2 /* AppRowCell.swift */,
				1FA51C6722406E7C00321FD2 /* AppsPageHeader.swift */,
				1FA51C6B2240711A00321FD2 /* AppsHeaderCell.swift */,
				1F6D1EF82246D61800C7C508 /* CollectionSpinningLayout.swift */,
			);
			path = Views;
			sourceTree = "<group>";
		};
		1FA51C4E223EAC2900321FD2 /* Extensions */ = {
			isa = PBXGroup;
			children = (
				1FA51C4F223EAC6400321FD2 /* Extensions+UIView.swift */,
			);
			path = Extensions;
			sourceTree = "<group>";
		};
		1FA51C51223EC0AC00321FD2 /* Model */ = {
			isa = PBXGroup;
			children = (
				1FA51C52223EC0C100321FD2 /* SearchResult.swift */,
				1FA51C6D2240762D00321FD2 /* AppGroup.swift */,
				1FA51C712240883300321FD2 /* SocialApp.swift */,
				1F10C45622553DCA001E5B74 /* Review.swift */,
				1F10C46622575797001E5B74 /* TodayItem.swift */,
			);
			path = Model;
			sourceTree = "<group>";
		};
		1FA51C55223EC67200321FD2 /* Network */ = {
			isa = PBXGroup;
			children = (
				1FA51C59223FAF6200321FD2 /* Routers */,
				1FA51C58223FAF5D00321FD2 /* Services */,
				1FA51C56223EC69300321FD2 /* APIService.swift */,
			);
			path = Network;
			sourceTree = "<group>";
		};
		1FA51C58223FAF5D00321FD2 /* Services */ = {
			isa = PBXGroup;
			children = (
				1FA51C5C223FB61600321FD2 /* AppsService.swift */,
			);
			path = Services;
			sourceTree = "<group>";
		};
		1FA51C59223FAF6200321FD2 /* Routers */ = {
			isa = PBXGroup;
			children = (
				1FA51C5A223FAFF700321FD2 /* AppsRouter.swift */,
				1FA51C6F224076D200321FD2 /* AppsGroupRouter.swift */,
				1FA51C732240886700321FD2 /* SocialRouter.swift */,
			);
			path = Routers;
			sourceTree = "<group>";
		};
		1FA51C5E223FCF0E00321FD2 /* Apps */ = {
			isa = PBXGroup;
			children = (
				1F10C4492254E7F7001E5B74 /* Details */,
				1FA51C5F223FCF2400321FD2 /* AppsPageController.swift */,
				1FA51C63223FD24300321FD2 /* AppsHorizontalController.swift */,
				1FA51C6922406F6E00321FD2 /* AppsHeaderHorizontalController.swift */,
			);
			path = Apps;
			sourceTree = "<group>";
		};
		5E4AD5BC2E7EB9463D964203 /* Pods */ = {
			isa = PBXGroup;
			children = (
				4A3D04EDBA5B4AF2676D6C0E /* Pods-AppStoreNew.debug.xcconfig */,
				1606837CEB29BAB953EA7954 /* Pods-AppStoreNew.release.xcconfig */,
			);
			path = Pods;
			sourceTree = "<group>";
		};
		E3AFDEA914458FB148DE0BEC /* Frameworks */ = {
			isa = PBXGroup;
			children = (
				A3950E83AD1A80E5F7552BFD /* Pods_AppStoreNew.framework */,
			);
			name = Frameworks;
			sourceTree = "<group>";
		};
/* End PBXGroup section */

/* Begin PBXNativeTarget section */
		1FA51C30223EA16400321FD2 /* AppStoreNew */ = {
			isa = PBXNativeTarget;
			buildConfigurationList = 1FA51C43223EA16700321FD2 /* Build configuration list for PBXNativeTarget "AppStoreNew" */;
			buildPhases = (
				393116FC8D09F2E60C4F1E4A /* [CP] Check Pods Manifest.lock */,
				1FA51C2D223EA16400321FD2 /* Sources */,
				1FA51C2E223EA16400321FD2 /* Frameworks */,
				1FA51C2F223EA16400321FD2 /* Resources */,
				25E30D7ACD72DD521BBFDAAF /* [CP] Embed Pods Frameworks */,
			);
			buildRules = (
			);
			dependencies = (
			);
			name = AppStoreNew;
			productName = AppStoreNew;
			productReference = 1FA51C31223EA16400321FD2 /* AppStoreNew.app */;
			productType = "com.apple.product-type.application";
		};
/* End PBXNativeTarget section */

/* Begin PBXProject section */
		1FA51C29223EA16400321FD2 /* Project object */ = {
			isa = PBXProject;
			attributes = {
				LastSwiftUpdateCheck = 1010;
				LastUpgradeCheck = 1010;
				ORGANIZATIONNAME = "Nuno Pereira";
				TargetAttributes = {
					1FA51C30223EA16400321FD2 = {
						CreatedOnToolsVersion = 10.1;
					};
				};
			};
			buildConfigurationList = 1FA51C2C223EA16400321FD2 /* Build configuration list for PBXProject "AppStoreNew" */;
			compatibilityVersion = "Xcode 9.3";
			developmentRegion = en;
			hasScannedForEncodings = 0;
			knownRegions = (
				en,
				Base,
			);
			mainGroup = 1FA51C28223EA16400321FD2;
			productRefGroup = 1FA51C32223EA16400321FD2 /* Products */;
			projectDirPath = "";
			projectRoot = "";
			targets = (
				1FA51C30223EA16400321FD2 /* AppStoreNew */,
			);
		};
/* End PBXProject section */

/* Begin PBXResourcesBuildPhase section */
		1FA51C2F223EA16400321FD2 /* Resources */ = {
			isa = PBXResourcesBuildPhase;
			buildActionMask = 2147483647;
			files = (
				1FA51C3F223EA16700321FD2 /* LaunchScreen.storyboard in Resources */,
				1FA51C3C223EA16700321FD2 /* Assets.xcassets in Resources */,
				1FA51C3A223EA16400321FD2 /* Main.storyboard in Resources */,
			);
			runOnlyForDeploymentPostprocessing = 0;
		};
/* End PBXResourcesBuildPhase section */

/* Begin PBXShellScriptBuildPhase section */
		25E30D7ACD72DD521BBFDAAF /* [CP] Embed Pods Frameworks */ = {
			isa = PBXShellScriptBuildPhase;
			buildActionMask = 2147483647;
			files = (
			);
			inputFileListPaths = (
			);
			inputPaths = (
				"${PODS_ROOT}/Target Support Files/Pods-AppStoreNew/Pods-AppStoreNew-frameworks.sh",
				"${BUILT_PRODUCTS_DIR}/SDWebImage/SDWebImage.framework",
			);
			name = "[CP] Embed Pods Frameworks";
			outputFileListPaths = (
			);
			outputPaths = (
				"${TARGET_BUILD_DIR}/${FRAMEWORKS_FOLDER_PATH}/SDWebImage.framework",
			);
			runOnlyForDeploymentPostprocessing = 0;
			shellPath = /bin/sh;
			shellScript = "\"${PODS_ROOT}/Target Support Files/Pods-AppStoreNew/Pods-AppStoreNew-frameworks.sh\"\n";
			showEnvVarsInLog = 0;
		};
		393116FC8D09F2E60C4F1E4A /* [CP] Check Pods Manifest.lock */ = {
			isa = PBXShellScriptBuildPhase;
			buildActionMask = 2147483647;
			files = (
			);
			inputFileListPaths = (
			);
			inputPaths = (
				"${PODS_PODFILE_DIR_PATH}/Podfile.lock",
				"${PODS_ROOT}/Manifest.lock",
			);
			name = "[CP] Check Pods Manifest.lock";
			outputFileListPaths = (
			);
			outputPaths = (
				"$(DERIVED_FILE_DIR)/Pods-AppStoreNew-checkManifestLockResult.txt",
			);
			runOnlyForDeploymentPostprocessing = 0;
			shellPath = /bin/sh;
			shellScript = "diff \"${PODS_PODFILE_DIR_PATH}/Podfile.lock\" \"${PODS_ROOT}/Manifest.lock\" > /dev/null\nif [ $? != 0 ] ; then\n    # print error to STDERR\n    echo \"error: The sandbox is not in sync with the Podfile.lock. Run 'pod install' or update your CocoaPods installation.\" >&2\n    exit 1\nfi\n# This output is used by Xcode 'outputs' to avoid re-running this script phase.\necho \"SUCCESS\" > \"${SCRIPT_OUTPUT_FILE_0}\"\n";
			showEnvVarsInLog = 0;
		};
/* End PBXShellScriptBuildPhase section */

/* Begin PBXSourcesBuildPhase section */
		1FA51C2D223EA16400321FD2 /* Sources */ = {
			isa = PBXSourcesBuildPhase;
			buildActionMask = 2147483647;
			files = (
				1F10C46722575797001E5B74 /* TodayItem.swift in Sources */,
				1FA51C37223EA16400321FD2 /* ViewController.swift in Sources */,
				1F10C463225650FD001E5B74 /* AppFullScreenHeaderCell.swift in Sources */,
				1F10C45522550188001E5B74 /* ReviewCell.swift in Sources */,
				1FA51C60223FCF2400321FD2 /* AppsPageController.swift in Sources */,
				1FA51C722240883300321FD2 /* SocialApp.swift in Sources */,
				1F10C443224F7D36001E5B74 /* AppDetailController.swift in Sources */,
				1FA51C57223EC69300321FD2 /* APIService.swift in Sources */,
				1F10C4532255016E001E5B74 /* ReviewRowCell.swift in Sources */,
				1FA51C6822406E7C00321FD2 /* AppsPageHeader.swift in Sources */,
				1F10C45F22561839001E5B74 /* AppFullScreenController.swift in Sources */,
				1F10C469225757AC001E5B74 /* TodayBaseCell.swift in Sources */,
				1F10C45D22560F13001E5B74 /* TodayCell.swift in Sources */,
				1FA51C53223EC0C100321FD2 /* SearchResult.swift in Sources */,
				1F10C461225621E1001E5B74 /* AppFullscreenDescriptionCell.swift in Sources */,
				1FA51C35223EA16400321FD2 /* AppDelegate.swift in Sources */,
				1FA51C50223EAC6400321FD2 /* Extensions+UIView.swift in Sources */,
				1FA51C66224067AF00321FD2 /* AppRowCell.swift in Sources */,
				1F10C46F2257B162001E5B74 /* BackEnabledNavigationController.swift in Sources */,
				1F10C446224F8799001E5B74 /* AppDetailCell.swift in Sources */,
				1F10C46B225758BB001E5B74 /* TodayMultipleAppsController.swift in Sources */,
				1FA51C742240886700321FD2 /* SocialRouter.swift in Sources */,
				1F10C44B2254E819001E5B74 /* PreviewScreenshotsController.swift in Sources */,
				1FA51C5D223FB61600321FD2 /* AppsService.swift in Sources */,
				1FA51C62223FD05600321FD2 /* AppsGroupCell.swift in Sources */,
				1FA51C6C2240711A00321FD2 /* AppsHeaderCell.swift in Sources */,
				1FA51C6A22406F6E00321FD2 /* AppsHeaderHorizontalController.swift in Sources */,
				1F10C451225500A8001E5B74 /* ReviewsController.swift in Sources */,
				1F10C4482254D961001E5B74 /* PreviewCell.swift in Sources */,
				1F10C45A22560DD6001E5B74 /* TodayController.swift in Sources */,
				1FA51C4A223EA32E00321FD2 /* AppsSearchController.swift in Sources */,
				1F10C46D225759A4001E5B74 /* MultipleAppCell.swift in Sources */,
				1F6D1EF92246D61800C7C508 /* CollectionSpinningLayout.swift in Sources */,
				1F10C44D2254E885001E5B74 /* ScreenshotCell.swift in Sources */,
				1FA51C6E2240762D00321FD2 /* AppGroup.swift in Sources */,
				1F10C45722553DCA001E5B74 /* Review.swift in Sources */,
				1FA51C70224076D200321FD2 /* AppsGroupRouter.swift in Sources */,
				1FA51C48223EA18E00321FD2 /* MainTabBarController.swift in Sources */,
				1FA51C4D223EA87B00321FD2 /* SearchResultCell.swift in Sources */,
				1FA51C64223FD24300321FD2 /* AppsHorizontalController.swift in Sources */,
				1F10C4652256D3E3001E5B74 /* TodayMultipleAppsCell.swift in Sources */,
				1FA51C5B223FAFF700321FD2 /* AppsRouter.swift in Sources */,
			);
			runOnlyForDeploymentPostprocessing = 0;
		};
/* End PBXSourcesBuildPhase section */

/* Begin PBXVariantGroup section */
		1FA51C38223EA16400321FD2 /* Main.storyboard */ = {
			isa = PBXVariantGroup;
			children = (
				1FA51C39223EA16400321FD2 /* Base */,
			);
			name = Main.storyboard;
			sourceTree = "<group>";
		};
		1FA51C3D223EA16700321FD2 /* LaunchScreen.storyboard */ = {
			isa = PBXVariantGroup;
			children = (
				1FA51C3E223EA16700321FD2 /* Base */,
			);
			name = LaunchScreen.storyboard;
			sourceTree = "<group>";
		};
/* End PBXVariantGroup section */

/* Begin XCBuildConfiguration section */
		1FA51C41223EA16700321FD2 /* Debug */ = {
			isa = XCBuildConfiguration;
			buildSettings = {
				ALWAYS_SEARCH_USER_PATHS = NO;
				CLANG_ANALYZER_NONNULL = YES;
				CLANG_ANALYZER_NUMBER_OBJECT_CONVERSION = YES_AGGRESSIVE;
				CLANG_CXX_LANGUAGE_STANDARD = "gnu++14";
				CLANG_CXX_LIBRARY = "libc++";
				CLANG_ENABLE_MODULES = YES;
				CLANG_ENABLE_OBJC_ARC = YES;
				CLANG_ENABLE_OBJC_WEAK = YES;
				CLANG_WARN_BLOCK_CAPTURE_AUTORELEASING = YES;
				CLANG_WARN_BOOL_CONVERSION = YES;
				CLANG_WARN_COMMA = YES;
				CLANG_WARN_CONSTANT_CONVERSION = YES;
				CLANG_WARN_DEPRECATED_OBJC_IMPLEMENTATIONS = YES;
				CLANG_WARN_DIRECT_OBJC_ISA_USAGE = YES_ERROR;
				CLANG_WARN_DOCUMENTATION_COMMENTS = YES;
				CLANG_WARN_EMPTY_BODY = YES;
				CLANG_WARN_ENUM_CONVERSION = YES;
				CLANG_WARN_INFINITE_RECURSION = YES;
				CLANG_WARN_INT_CONVERSION = YES;
				CLANG_WARN_NON_LITERAL_NULL_CONVERSION = YES;
				CLANG_WARN_OBJC_IMPLICIT_RETAIN_SELF = YES;
				CLANG_WARN_OBJC_LITERAL_CONVERSION = YES;
				CLANG_WARN_OBJC_ROOT_CLASS = YES_ERROR;
				CLANG_WARN_RANGE_LOOP_ANALYSIS = YES;
				CLANG_WARN_STRICT_PROTOTYPES = YES;
				CLANG_WARN_SUSPICIOUS_MOVE = YES;
				CLANG_WARN_UNGUARDED_AVAILABILITY = YES_AGGRESSIVE;
				CLANG_WARN_UNREACHABLE_CODE = YES;
				CLANG_WARN__DUPLICATE_METHOD_MATCH = YES;
				CODE_SIGN_IDENTITY = "iPhone Developer";
				COPY_PHASE_STRIP = NO;
				DEBUG_INFORMATION_FORMAT = dwarf;
				ENABLE_STRICT_OBJC_MSGSEND = YES;
				ENABLE_TESTABILITY = YES;
				GCC_C_LANGUAGE_STANDARD = gnu11;
				GCC_DYNAMIC_NO_PIC = NO;
				GCC_NO_COMMON_BLOCKS = YES;
				GCC_OPTIMIZATION_LEVEL = 0;
				GCC_PREPROCESSOR_DEFINITIONS = (
					"DEBUG=1",
					"$(inherited)",
				);
				GCC_WARN_64_TO_32_BIT_CONVERSION = YES;
				GCC_WARN_ABOUT_RETURN_TYPE = YES_ERROR;
				GCC_WARN_UNDECLARED_SELECTOR = YES;
				GCC_WARN_UNINITIALIZED_AUTOS = YES_AGGRESSIVE;
				GCC_WARN_UNUSED_FUNCTION = YES;
				GCC_WARN_UNUSED_VARIABLE = YES;
				IPHONEOS_DEPLOYMENT_TARGET = 12.1;
				MTL_ENABLE_DEBUG_INFO = INCLUDE_SOURCE;
				MTL_FAST_MATH = YES;
				ONLY_ACTIVE_ARCH = YES;
				SDKROOT = iphoneos;
				SWIFT_ACTIVE_COMPILATION_CONDITIONS = DEBUG;
				SWIFT_OPTIMIZATION_LEVEL = "-Onone";
			};
			name = Debug;
		};
		1FA51C42223EA16700321FD2 /* Release */ = {
			isa = XCBuildConfiguration;
			buildSettings = {
				ALWAYS_SEARCH_USER_PATHS = NO;
				CLANG_ANALYZER_NONNULL = YES;
				CLANG_ANALYZER_NUMBER_OBJECT_CONVERSION = YES_AGGRESSIVE;
				CLANG_CXX_LANGUAGE_STANDARD = "gnu++14";
				CLANG_CXX_LIBRARY = "libc++";
				CLANG_ENABLE_MODULES = YES;
				CLANG_ENABLE_OBJC_ARC = YES;
				CLANG_ENABLE_OBJC_WEAK = YES;
				CLANG_WARN_BLOCK_CAPTURE_AUTORELEASING = YES;
				CLANG_WARN_BOOL_CONVERSION = YES;
				CLANG_WARN_COMMA = YES;
				CLANG_WARN_CONSTANT_CONVERSION = YES;
				CLANG_WARN_DEPRECATED_OBJC_IMPLEMENTATIONS = YES;
				CLANG_WARN_DIRECT_OBJC_ISA_USAGE = YES_ERROR;
				CLANG_WARN_DOCUMENTATION_COMMENTS = YES;
				CLANG_WARN_EMPTY_BODY = YES;
				CLANG_WARN_ENUM_CONVERSION = YES;
				CLANG_WARN_INFINITE_RECURSION = YES;
				CLANG_WARN_INT_CONVERSION = YES;
				CLANG_WARN_NON_LITERAL_NULL_CONVERSION = YES;
				CLANG_WARN_OBJC_IMPLICIT_RETAIN_SELF = YES;
				CLANG_WARN_OBJC_LITERAL_CONVERSION = YES;
				CLANG_WARN_OBJC_ROOT_CLASS = YES_ERROR;
				CLANG_WARN_RANGE_LOOP_ANALYSIS = YES;
				CLANG_WARN_STRICT_PROTOTYPES = YES;
				CLANG_WARN_SUSPICIOUS_MOVE = YES;
				CLANG_WARN_UNGUARDED_AVAILABILITY = YES_AGGRESSIVE;
				CLANG_WARN_UNREACHABLE_CODE = YES;
				CLANG_WARN__DUPLICATE_METHOD_MATCH = YES;
				CODE_SIGN_IDENTITY = "iPhone Developer";
				COPY_PHASE_STRIP = NO;
				DEBUG_INFORMATION_FORMAT = "dwarf-with-dsym";
				ENABLE_NS_ASSERTIONS = NO;
				ENABLE_STRICT_OBJC_MSGSEND = YES;
				GCC_C_LANGUAGE_STANDARD = gnu11;
				GCC_NO_COMMON_BLOCKS = YES;
				GCC_WARN_64_TO_32_BIT_CONVERSION = YES;
				GCC_WARN_ABOUT_RETURN_TYPE = YES_ERROR;
				GCC_WARN_UNDECLARED_SELECTOR = YES;
				GCC_WARN_UNINITIALIZED_AUTOS = YES_AGGRESSIVE;
				GCC_WARN_UNUSED_FUNCTION = YES;
				GCC_WARN_UNUSED_VARIABLE = YES;
				IPHONEOS_DEPLOYMENT_TARGET = 12.1;
				MTL_ENABLE_DEBUG_INFO = NO;
				MTL_FAST_MATH = YES;
				SDKROOT = iphoneos;
				SWIFT_COMPILATION_MODE = wholemodule;
				SWIFT_OPTIMIZATION_LEVEL = "-O";
				VALIDATE_PRODUCT = YES;
			};
			name = Release;
		};
		1FA51C44223EA16700321FD2 /* Debug */ = {
			isa = XCBuildConfiguration;
			baseConfigurationReference = 4A3D04EDBA5B4AF2676D6C0E /* Pods-AppStoreNew.debug.xcconfig */;
			buildSettings = {
				ASSETCATALOG_COMPILER_APPICON_NAME = AppIcon;
				CODE_SIGN_STYLE = Automatic;
				DEVELOPMENT_TEAM = JBEYETDGSB;
				INFOPLIST_FILE = AppStoreNew/Info.plist;
				LD_RUNPATH_SEARCH_PATHS = (
					"$(inherited)",
					"@executable_path/Frameworks",
				);
				PRODUCT_BUNDLE_IDENTIFIER = com.nMfpCoding.AppStoreNew;
				PRODUCT_NAME = "$(TARGET_NAME)";
				SWIFT_VERSION = 5.0;
				TARGETED_DEVICE_FAMILY = "1,2";
			};
			name = Debug;
		};
		1FA51C45223EA16700321FD2 /* Release */ = {
			isa = XCBuildConfiguration;
			baseConfigurationReference = 1606837CEB29BAB953EA7954 /* Pods-AppStoreNew.release.xcconfig */;
			buildSettings = {
				ASSETCATALOG_COMPILER_APPICON_NAME = AppIcon;
				CODE_SIGN_STYLE = Automatic;
				DEVELOPMENT_TEAM = JBEYETDGSB;
				INFOPLIST_FILE = AppStoreNew/Info.plist;
				LD_RUNPATH_SEARCH_PATHS = (
					"$(inherited)",
					"@executable_path/Frameworks",
				);
				PRODUCT_BUNDLE_IDENTIFIER = com.nMfpCoding.AppStoreNew;
				PRODUCT_NAME = "$(TARGET_NAME)";
				SWIFT_VERSION = 5.0;
				TARGETED_DEVICE_FAMILY = "1,2";
			};
			name = Release;
		};
/* End XCBuildConfiguration section */

/* Begin XCConfigurationList section */
		1FA51C2C223EA16400321FD2 /* Build configuration list for PBXProject "AppStoreNew" */ = {
			isa = XCConfigurationList;
			buildConfigurations = (
				1FA51C41223EA16700321FD2 /* Debug */,
				1FA51C42223EA16700321FD2 /* Release */,
			);
			defaultConfigurationIsVisible = 0;
			defaultConfigurationName = Release;
		};
		1FA51C43223EA16700321FD2 /* Build configuration list for PBXNativeTarget "AppStoreNew" */ = {
			isa = XCConfigurationList;
			buildConfigurations = (
				1FA51C44223EA16700321FD2 /* Debug */,
				1FA51C45223EA16700321FD2 /* Release */,
			);
			defaultConfigurationIsVisible = 0;
			defaultConfigurationName = Release;
		};
/* End XCConfigurationList section */
	};
	rootObject = 1FA51C29223EA16400321FD2 /* Project object */;
}
